
Microsoft Visual Studio Solution File, Format Version 12.00
# Visual Studio Version 17
VisualStudioVersion = 17.5.33414.496
MinimumVisualStudioVersion = 10.0.40219.1
Project("{FAE04EC0-301F-11D3-BF4B-00C04F79EFBC}") = "3.0", "3.0\3.0.csproj", "{0E3E5324-9DD5-4F54-8947-B4DF0DA55B7A}"
EndProject
Global
	GlobalSection(SolutionConfigurationPlatforms) = preSolution
		Debug|Any CPU = Debug|Any CPU
		Release|Any CPU = Release|Any CPU
	EndGlobalSection
	GlobalSection(ProjectConfigurationPlatforms) = postSolution
		{0E3E5324-9DD5-4F54-8947-B4DF0DA55B7A}.Debug|Any CPU.ActiveCfg = Debug|Any CPU
		{0E3E5324-9DD5-4F54-8947-B4DF0DA55B7A}.Debug|Any CPU.Build.0 = Debug|Any CPU
		{0E3E5324-9DD5-4F54-8947-B4DF0DA55B7A}.Release|Any CPU.ActiveCfg = Release|Any CPU
		{0E3E5324-9DD5-4F54-8947-B4DF0DA55B7A}.Release|Any CPU.Build.0 = Release|Any CPU
	EndGlobalSection
	GlobalSection(SolutionProperties) = preSolution
		HideSolutionNode = FALSE
	EndGlobalSection
	GlobalSection(ExtensibilityGlobals) = postSolution
		SolutionGuid = {68B7884F-AEFD-4912-A84C-3B724E35C1BB}
	EndGlobalSection
EndGlobal
